
Microsoft Visual Studio Solution File, Format Version 12.00
# Visual Studio 15
VisualStudioVersion = 15.0.26124.0
MinimumVisualStudioVersion = 15.0.26124.0
Project("{FAE04EC0-301F-11D3-BF4B-00C04F79EFBC}") = "SelfLibrary", "SelfLibrary\SelfLibrary.csproj", "{D2BBCCD2-EFBA-4160-8049-DD4C28255C9D}"
EndProject
Project("{FAE04EC0-301F-11D3-BF4B-00C04F79EFBC}") = "SelfTests", "SelfTests\SelfTests.csproj", "{7C93CD16-03DD-4BF2-A30A-613113A36D6A}"
EndProject
Global
	GlobalSection(SolutionConfigurationPlatforms) = preSolution
		Debug|Any CPU = Debug|Any CPU
		Debug|x64 = Debug|x64
		Debug|x86 = Debug|x86
		Release|Any CPU = Release|Any CPU
		Release|x64 = Release|x64
		Release|x86 = Release|x86
	EndGlobalSection
	GlobalSection(SolutionProperties) = preSolution
		HideSolutionNode = FALSE
	EndGlobalSection
	GlobalSection(ProjectConfigurationPlatforms) = postSolution
		{D2BBCCD2-EFBA-4160-8049-DD4C28255C9D}.Debug|Any CPU.ActiveCfg = Debug|Any CPU
		{D2BBCCD2-EFBA-4160-8049-DD4C28255C9D}.Debug|Any CPU.Build.0 = Debug|Any CPU
		{D2BBCCD2-EFBA-4160-8049-DD4C28255C9D}.Debug|x64.ActiveCfg = Debug|Any CPU
		{D2BBCCD2-EFBA-4160-8049-DD4C28255C9D}.Debug|x64.Build.0 = Debug|Any CPU
		{D2BBCCD2-EFBA-4160-8049-DD4C28255C9D}.Debug|x86.ActiveCfg = Debug|Any CPU
		{D2BBCCD2-EFBA-4160-8049-DD4C28255C9D}.Debug|x86.Build.0 = Debug|Any CPU
		{D2BBCCD2-EFBA-4160-8049-DD4C28255C9D}.Release|Any CPU.ActiveCfg = Release|Any CPU
		{D2BBCCD2-EFBA-4160-8049-DD4C28255C9D}.Release|Any CPU.Build.0 = Release|Any CPU
		{D2BBCCD2-EFBA-4160-8049-DD4C28255C9D}.Release|x64.ActiveCfg = Release|Any CPU
		{D2BBCCD2-EFBA-4160-8049-DD4C28255C9D}.Release|x64.Build.0 = Release|Any CPU
		{D2BBCCD2-EFBA-4160-8049-DD4C28255C9D}.Release|x86.ActiveCfg = Release|Any CPU
		{D2BBCCD2-EFBA-4160-8049-DD4C28255C9D}.Release|x86.Build.0 = Release|Any CPU
		{7C93CD16-03DD-4BF2-A30A-613113A36D6A}.Debug|Any CPU.ActiveCfg = Debug|Any CPU
		{7C93CD16-03DD-4BF2-A30A-613113A36D6A}.Debug|Any CPU.Build.0 = Debug|Any CPU
		{7C93CD16-03DD-4BF2-A30A-613113A36D6A}.Debug|x64.ActiveCfg = Debug|Any CPU
		{7C93CD16-03DD-4BF2-A30A-613113A36D6A}.Debug|x64.Build.0 = Debug|Any CPU
		{7C93CD16-03DD-4BF2-A30A-613113A36D6A}.Debug|x86.ActiveCfg = Debug|Any CPU
		{7C93CD16-03DD-4BF2-A30A-613113A36D6A}.Debug|x86.Build.0 = Debug|Any CPU
		{7C93CD16-03DD-4BF2-A30A-613113A36D6A}.Release|Any CPU.ActiveCfg = Release|Any CPU
		{7C93CD16-03DD-4BF2-A30A-613113A36D6A}.Release|Any CPU.Build.0 = Release|Any CPU
		{7C93CD16-03DD-4BF2-A30A-613113A36D6A}.Release|x64.ActiveCfg = Release|Any CPU
		{7C93CD16-03DD-4BF2-A30A-613113A36D6A}.Release|x64.Build.0 = Release|Any CPU
		{7C93CD16-03DD-4BF2-A30A-613113A36D6A}.Release|x86.ActiveCfg = Release|Any CPU
		{7C93CD16-03DD-4BF2-A30A-613113A36D6A}.Release|x86.Build.0 = Release|Any CPU
	EndGlobalSection
EndGlobal
